
Microsoft Visual Studio Solution File, Format Version 12.00
# Visual Studio Version 17
VisualStudioVersion = 17.14.36121.58 d17.14
MinimumVisualStudioVersion = 10.0.40219.1
Project("{FAE04EC0-301F-11D3-BF4B-00C04F79EFBC}") = "WpfComplexiteit", "WpfComplexiteit.csproj", "{662A668E-17E5-4754-A0EC-B7DFA4A59A49}"
EndProject
Global
	GlobalSection(SolutionConfigurationPlatforms) = preSolution
		Debug|Any CPU = Debug|Any CPU
		Release|Any CPU = Release|Any CPU
	EndGlobalSection
	GlobalSection(ProjectConfigurationPlatforms) = postSolution
		{662A668E-17E5-4754-A0EC-B7DFA4A59A49}.Debug|Any CPU.ActiveCfg = Debug|Any CPU
		{662A668E-17E5-4754-A0EC-B7DFA4A59A49}.Debug|Any CPU.Build.0 = Debug|Any CPU
		{662A668E-17E5-4754-A0EC-B7DFA4A59A49}.Release|Any CPU.ActiveCfg = Release|Any CPU
		{662A668E-17E5-4754-A0EC-B7DFA4A59A49}.Release|Any CPU.Build.0 = Release|Any CPU
	EndGlobalSection
	GlobalSection(SolutionProperties) = preSolution
		HideSolutionNode = FALSE
	EndGlobalSection
	GlobalSection(ExtensibilityGlobals) = postSolution
		SolutionGuid = {35CE76C2-9DAE-4527-8036-AA212DE938DE}
	EndGlobalSection
EndGlobal
